
Microsoft Visual Studio Solution File, Format Version 12.00
# Visual Studio Version 17
VisualStudioVersion = 17.0.31903.59
MinimumVisualStudioVersion = 10.0.40219.1
Project("{FAE04EC0-301F-11D3-BF4B-00C04F79EFBC}") = "Presentation", "Presentation\Presentation.csproj", "{06BC25A5-9A51-4763-9F20-4C22747898A9}"
EndProject
Project("{FAE04EC0-301F-11D3-BF4B-00C04F79EFBC}") = "Logic", "Logic\Logic.csproj", "{9CC5AF14-D62A-41A2-8971-E73D39602AAC}"
EndProject
Project("{FAE04EC0-301F-11D3-BF4B-00C04F79EFBC}") = "Infrastructure", "Infrastructure\Infrastructure.csproj", "{08E3EA11-8C33-4DDD-AC7F-7F3E18C545CC}"
EndProject
Global
	GlobalSection(SolutionConfigurationPlatforms) = preSolution
		Debug|Any CPU = Debug|Any CPU
		Release|Any CPU = Release|Any CPU
	EndGlobalSection
	GlobalSection(SolutionProperties) = preSolution
		HideSolutionNode = FALSE
	EndGlobalSection
	GlobalSection(ProjectConfigurationPlatforms) = postSolution
		{06BC25A5-9A51-4763-9F20-4C22747898A9}.Debug|Any CPU.ActiveCfg = Debug|Any CPU
		{06BC25A5-9A51-4763-9F20-4C22747898A9}.Debug|Any CPU.Build.0 = Debug|Any CPU
		{06BC25A5-9A51-4763-9F20-4C22747898A9}.Release|Any CPU.ActiveCfg = Release|Any CPU
		{06BC25A5-9A51-4763-9F20-4C22747898A9}.Release|Any CPU.Build.0 = Release|Any CPU
		{9CC5AF14-D62A-41A2-8971-E73D39602AAC}.Debug|Any CPU.ActiveCfg = Debug|Any CPU
		{9CC5AF14-D62A-41A2-8971-E73D39602AAC}.Debug|Any CPU.Build.0 = Debug|Any CPU
		{9CC5AF14-D62A-41A2-8971-E73D39602AAC}.Release|Any CPU.ActiveCfg = Release|Any CPU
		{9CC5AF14-D62A-41A2-8971-E73D39602AAC}.Release|Any CPU.Build.0 = Release|Any CPU
		{08E3EA11-8C33-4DDD-AC7F-7F3E18C545CC}.Debug|Any CPU.ActiveCfg = Debug|Any CPU
		{08E3EA11-8C33-4DDD-AC7F-7F3E18C545CC}.Debug|Any CPU.Build.0 = Debug|Any CPU
		{08E3EA11-8C33-4DDD-AC7F-7F3E18C545CC}.Release|Any CPU.ActiveCfg = Release|Any CPU
		{08E3EA11-8C33-4DDD-AC7F-7F3E18C545CC}.Release|Any CPU.Build.0 = Release|Any CPU
	EndGlobalSection
EndGlobal
